// !$*UTF8*$!
{
	archiveVersion = 1;
	classes = {
	};
	objectVersion = 46;
	objects = {

/* Begin PBXBuildFile section */
		2F1586C61EB02F8E000F7BD4 /* AppDelegate.swift in Sources */ = {isa = PBXBuildFile; fileRef = 2F1586C51EB02F8E000F7BD4 /* AppDelegate.swift */; };
		2F1586C81EB02F8E000F7BD4 /* ViewController.swift in Sources */ = {isa = PBXBuildFile; fileRef = 2F1586C71EB02F8E000F7BD4 /* ViewController.swift */; };
		2F1586CB1EB02F8E000F7BD4 /* Main.storyboard in Resources */ = {isa = PBXBuildFile; fileRef = 2F1586C91EB02F8E000F7BD4 /* Main.storyboard */; };
		2F1586CE1EB02F8E000F7BD4 /* iOSFinal.xcdatamodeld in Sources */ = {isa = PBXBuildFile; fileRef = 2F1586CC1EB02F8E000F7BD4 /* iOSFinal.xcdatamodeld */; };
		2F1586D01EB02F8E000F7BD4 /* Assets.xcassets in Resources */ = {isa = PBXBuildFile; fileRef = 2F1586CF1EB02F8E000F7BD4 /* Assets.xcassets */; };
		2F1586D31EB02F8E000F7BD4 /* LaunchScreen.storyboard in Resources */ = {isa = PBXBuildFile; fileRef = 2F1586D11EB02F8E000F7BD4 /* LaunchScreen.storyboard */; };
		2F1586DC1EB1842B000F7BD4 /* owatchBG.png in Resources */ = {isa = PBXBuildFile; fileRef = 2F1586DB1EB1842B000F7BD4 /* owatchBG.png */; };
		2F399F931EB5611F00DC5E80 /* Sounds in Resources */ = {isa = PBXBuildFile; fileRef = 2F399F921EB5611F00DC5E80 /* Sounds */; };
		2F399F951EB5869800DC5E80 /* Ana_-_Take_your_medicine.wav in Resources */ = {isa = PBXBuildFile; fileRef = 2F399F941EB5869800DC5E80 /* Ana_-_Take_your_medicine.wav */; };
		2F399F971EB80C6B00DC5E80 /* genji-dash.png in Resources */ = {isa = PBXBuildFile; fileRef = 2F399F961EB80C6B00DC5E80 /* genji-dash.png */; };
		2F399F991EB80E5200DC5E80 /* genji-ult.png in Resources */ = {isa = PBXBuildFile; fileRef = 2F399F981EB80E5200DC5E80 /* genji-ult.png */; };
		2F399F9B1EB8100E00DC5E80 /* mccree-ult.png in Resources */ = {isa = PBXBuildFile; fileRef = 2F399F9A1EB8100E00DC5E80 /* mccree-ult.png */; };
		2F399F9D1EB814BF00DC5E80 /* timer.swift in Sources */ = {isa = PBXBuildFile; fileRef = 2F399F9C1EB814BF00DC5E80 /* timer.swift */; };
		2F399F9F1EB81AE900DC5E80 /* D.VA_-_See_Ya.mp3 in Resources */ = {isa = PBXBuildFile; fileRef = 2F399F9E1EB81AE900DC5E80 /* D.VA_-_See_Ya.mp3 */; };
		2F399FA11EB81AFA00DC5E80 /* parah-boop.png in Resources */ = {isa = PBXBuildFile; fileRef = 2F399FA01EB81AFA00DC5E80 /* parah-boop.png */; };
		2F399FA31EB81B0900DC5E80 /* Mei_-_Yay_1.mp3 in Resources */ = {isa = PBXBuildFile; fileRef = 2F399FA21EB81B0900DC5E80 /* Mei_-_Yay_1.mp3 */; };
		2F399FA51EB81B1B00DC5E80 /* Roadhog_-_Rollin'_Out.mp3 in Resources */ = {isa = PBXBuildFile; fileRef = 2F399FA41EB81B1B00DC5E80 /* Roadhog_-_Rollin'_Out.mp3 */; };
		2F399FA71EB81B2300DC5E80 /* sombra-passive.png in Resources */ = {isa = PBXBuildFile; fileRef = 2F399FA61EB81B2300DC5E80 /* sombra-passive.png */; };
		2F399FA91EB81B2E00DC5E80 /* McCree_-_Hey.mp3 in Resources */ = {isa = PBXBuildFile; fileRef = 2F399FA81EB81B2E00DC5E80 /* McCree_-_Hey.mp3 */; };
		2F399FAB1EB81B3800DC5E80 /* Junkrat_-_Brrring!.mp3 in Resources */ = {isa = PBXBuildFile; fileRef = 2F399FAA1EB81B3800DC5E80 /* Junkrat_-_Brrring!.mp3 */; };
		2F90DA1B1EB18E8400E06956 /* Bronz.png in Resources */ = {isa = PBXBuildFile; fileRef = 2F90DA1A1EB18E8400E06956 /* Bronz.png */; };
		2F90DA1D1EB1904500E06956 /* gm.png in Resources */ = {isa = PBXBuildFile; fileRef = 2F90DA1C1EB1904500E06956 /* gm.png */; };
		2F90DA231EB53FB000E06956 /* TriviaViewController.swift in Sources */ = {isa = PBXBuildFile; fileRef = 2F90DA221EB53FB000E06956 /* TriviaViewController.swift */; };
		2F90DA251EB542DA00E06956 /* Database.swift in Sources */ = {isa = PBXBuildFile; fileRef = 2F90DA241EB542DA00E06956 /* Database.swift */; };
/* End PBXBuildFile section */

/* Begin PBXFileReference section */
		2F1586C21EB02F8E000F7BD4 /* iOSFinal.app */ = {isa = PBXFileReference; explicitFileType = wrapper.application; includeInIndex = 0; path = iOSFinal.app; sourceTree = BUILT_PRODUCTS_DIR; };
		2F1586C51EB02F8E000F7BD4 /* AppDelegate.swift */ = {isa = PBXFileReference; lastKnownFileType = sourcecode.swift; path = AppDelegate.swift; sourceTree = "<group>"; };
		2F1586C71EB02F8E000F7BD4 /* ViewController.swift */ = {isa = PBXFileReference; lastKnownFileType = sourcecode.swift; path = ViewController.swift; sourceTree = "<group>"; };
		2F1586CA1EB02F8E000F7BD4 /* Base */ = {isa = PBXFileReference; lastKnownFileType = file.storyboard; name = Base; path = Base.lproj/Main.storyboard; sourceTree = "<group>"; };
		2F1586CD1EB02F8E000F7BD4 /* iOSFinal.xcdatamodel */ = {isa = PBXFileReference; lastKnownFileType = wrapper.xcdatamodel; path = iOSFinal.xcdatamodel; sourceTree = "<group>"; };
		2F1586CF1EB02F8E000F7BD4 /* Assets.xcassets */ = {isa = PBXFileReference; lastKnownFileType = folder.assetcatalog; path = Assets.xcassets; sourceTree = "<group>"; };
		2F1586D21EB02F8E000F7BD4 /* Base */ = {isa = PBXFileReference; lastKnownFileType = file.storyboard; name = Base; path = Base.lproj/LaunchScreen.storyboard; sourceTree = "<group>"; };
		2F1586D41EB02F8F000F7BD4 /* Info.plist */ = {isa = PBXFileReference; lastKnownFileType = text.plist.xml; path = Info.plist; sourceTree = "<group>"; };
		2F1586DB1EB1842B000F7BD4 /* owatchBG.png */ = {isa = PBXFileReference; lastKnownFileType = image.png; path = owatchBG.png; sourceTree = "<group>"; };
		2F399F921EB5611F00DC5E80 /* Sounds */ = {isa = PBXFileReference; lastKnownFileType = folder; path = Sounds; sourceTree = "<group>"; };
		2F399F941EB5869800DC5E80 /* Ana_-_Take_your_medicine.wav */ = {isa = PBXFileReference; lastKnownFileType = audio.wav; name = "Ana_-_Take_your_medicine.wav"; path = "Sounds/Ana/Ana_-_Take_your_medicine.wav"; sourceTree = "<group>"; };
		2F399F961EB80C6B00DC5E80 /* genji-dash.png */ = {isa = PBXFileReference; lastKnownFileType = image.png; name = "genji-dash.png"; path = "Sounds/Widowmaker/genji-dash.png"; sourceTree = "<group>"; };
		2F399F981EB80E5200DC5E80 /* genji-ult.png */ = {isa = PBXFileReference; lastKnownFileType = image.png; name = "genji-ult.png"; path = "Sounds/Genji/genji-ult.png"; sourceTree = "<group>"; };
		2F399F9A1EB8100E00DC5E80 /* mccree-ult.png */ = {isa = PBXFileReference; lastKnownFileType = image.png; name = "mccree-ult.png"; path = "Sounds/McCree/mccree-ult.png"; sourceTree = "<group>"; };
		2F399F9C1EB814BF00DC5E80 /* timer.swift */ = {isa = PBXFileReference; fileEncoding = 4; lastKnownFileType = sourcecode.swift; path = timer.swift; sourceTree = "<group>"; };
		2F399F9E1EB81AE900DC5E80 /* D.VA_-_See_Ya.mp3 */ = {isa = PBXFileReference; lastKnownFileType = audio.mp3; name = "D.VA_-_See_Ya.mp3"; path = "Sounds/Dva/D.VA_-_See_Ya.mp3"; sourceTree = "<group>"; };
		2F399FA01EB81AFA00DC5E80 /* parah-boop.png */ = {isa = PBXFileReference; lastKnownFileType = image.png; name = "parah-boop.png"; path = "Sounds/Pharah/parah-boop.png"; sourceTree = "<group>"; };
		2F399FA21EB81B0900DC5E80 /* Mei_-_Yay_1.mp3 */ = {isa = PBXFileReference; lastKnownFileType = audio.mp3; name = "Mei_-_Yay_1.mp3"; path = "Sounds/Mei/Mei_-_Yay_1.mp3"; sourceTree = "<group>"; };
		2F399FA41EB81B1B00DC5E80 /* Roadhog_-_Rollin'_Out.mp3 */ = {isa = PBXFileReference; lastKnownFileType = audio.mp3; name = "Roadhog_-_Rollin'_Out.mp3"; path = "Sounds/RoadHog/Roadhog_-_Rollin'_Out.mp3"; sourceTree = "<group>"; };
		2F399FA61EB81B2300DC5E80 /* sombra-passive.png */ = {isa = PBXFileReference; lastKnownFileType = image.png; name = "sombra-passive.png"; path = "Sounds/Sombra/sombra-passive.png"; sourceTree = "<group>"; };
		2F399FA81EB81B2E00DC5E80 /* McCree_-_Hey.mp3 */ = {isa = PBXFileReference; lastKnownFileType = audio.mp3; name = "McCree_-_Hey.mp3"; path = "Sounds/McCree/McCree_-_Hey.mp3"; sourceTree = "<group>"; };
		2F399FAA1EB81B3800DC5E80 /* Junkrat_-_Brrring!.mp3 */ = {isa = PBXFileReference; lastKnownFileType = audio.mp3; name = "Junkrat_-_Brrring!.mp3"; path = "Sounds/Junkrat/Junkrat_-_Brrring!.mp3"; sourceTree = "<group>"; };
		2F90DA1A1EB18E8400E06956 /* Bronz.png */ = {isa = PBXFileReference; lastKnownFileType = image.png; path = Bronz.png; sourceTree = "<group>"; };
		2F90DA1C1EB1904500E06956 /* gm.png */ = {isa = PBXFileReference; lastKnownFileType = image.png; path = gm.png; sourceTree = "<group>"; };
		2F90DA221EB53FB000E06956 /* TriviaViewController.swift */ = {isa = PBXFileReference; fileEncoding = 4; lastKnownFileType = sourcecode.swift; path = TriviaViewController.swift; sourceTree = "<group>"; };
		2F90DA241EB542DA00E06956 /* Database.swift */ = {isa = PBXFileReference; fileEncoding = 4; lastKnownFileType = sourcecode.swift; path = Database.swift; sourceTree = "<group>"; };
/* End PBXFileReference section */

/* Begin PBXFrameworksBuildPhase section */
		2F1586BF1EB02F8E000F7BD4 /* Frameworks */ = {
			isa = PBXFrameworksBuildPhase;
			buildActionMask = 2147483647;
			files = (
			);
			runOnlyForDeploymentPostprocessing = 0;
		};
/* End PBXFrameworksBuildPhase section */

/* Begin PBXGroup section */
		2F1586B91EB02F8E000F7BD4 = {
			isa = PBXGroup;
			children = (
				2F1586C41EB02F8E000F7BD4 /* iOSFinal */,
				2F1586C31EB02F8E000F7BD4 /* Products */,
			);
			sourceTree = "<group>";
		};
		2F1586C31EB02F8E000F7BD4 /* Products */ = {
			isa = PBXGroup;
			children = (
				2F1586C21EB02F8E000F7BD4 /* iOSFinal.app */,
			);
			name = Products;
			sourceTree = "<group>";
		};
		2F1586C41EB02F8E000F7BD4 /* iOSFinal */ = {
			isa = PBXGroup;
			children = (
				2F1586C51EB02F8E000F7BD4 /* AppDelegate.swift */,
				2F1586C71EB02F8E000F7BD4 /* ViewController.swift */,
				2F1586DA1EB1840D000F7BD4 /* Media */,
				2F1586C91EB02F8E000F7BD4 /* Main.storyboard */,
				2F1586CF1EB02F8E000F7BD4 /* Assets.xcassets */,
				2F1586D11EB02F8E000F7BD4 /* LaunchScreen.storyboard */,
				2F1586D41EB02F8F000F7BD4 /* Info.plist */,
				2F1586CC1EB02F8E000F7BD4 /* iOSFinal.xcdatamodeld */,
				2F90DA221EB53FB000E06956 /* TriviaViewController.swift */,
				2F90DA241EB542DA00E06956 /* Database.swift */,
				2F399F9C1EB814BF00DC5E80 /* timer.swift */,
			);
			path = iOSFinal;
			sourceTree = "<group>";
		};
		2F1586DA1EB1840D000F7BD4 /* Media */ = {
			isa = PBXGroup;
			children = (
				2F399F921EB5611F00DC5E80 /* Sounds */,
				2F90DA1C1EB1904500E06956 /* gm.png */,
				2F399F961EB80C6B00DC5E80 /* genji-dash.png */,
				2F399F9A1EB8100E00DC5E80 /* mccree-ult.png */,
				2F399F941EB5869800DC5E80 /* Ana_-_Take_your_medicine.wav */,
				2F399FA81EB81B2E00DC5E80 /* McCree_-_Hey.mp3 */,
				2F399F9E1EB81AE900DC5E80 /* D.VA_-_See_Ya.mp3 */,
				2F399FA61EB81B2300DC5E80 /* sombra-passive.png */,
				2F399F981EB80E5200DC5E80 /* genji-ult.png */,
				2F399FA41EB81B1B00DC5E80 /* Roadhog_-_Rollin'_Out.mp3 */,
				2F399FAA1EB81B3800DC5E80 /* Junkrat_-_Brrring!.mp3 */,
				2F399FA01EB81AFA00DC5E80 /* parah-boop.png */,
				2F399FA21EB81B0900DC5E80 /* Mei_-_Yay_1.mp3 */,
				2F90DA1A1EB18E8400E06956 /* Bronz.png */,
				2F1586DB1EB1842B000F7BD4 /* owatchBG.png */,
			);
			name = Media;
			sourceTree = "<group>";
		};
/* End PBXGroup section */

/* Begin PBXNativeTarget section */
		2F1586C11EB02F8E000F7BD4 /* iOSFinal */ = {
			isa = PBXNativeTarget;
			buildConfigurationList = 2F1586D71EB02F8F000F7BD4 /* Build configuration list for PBXNativeTarget "iOSFinal" */;
			buildPhases = (
				2F1586BE1EB02F8E000F7BD4 /* Sources */,
				2F1586BF1EB02F8E000F7BD4 /* Frameworks */,
				2F1586C01EB02F8E000F7BD4 /* Resources */,
			);
			buildRules = (
			);
			dependencies = (
			);
			name = iOSFinal;
			productName = iOSFinal;
			productReference = 2F1586C21EB02F8E000F7BD4 /* iOSFinal.app */;
			productType = "com.apple.product-type.application";
		};
/* End PBXNativeTarget section */

/* Begin PBXProject section */
		2F1586BA1EB02F8E000F7BD4 /* Project object */ = {
			isa = PBXProject;
			attributes = {
				LastSwiftUpdateCheck = 0820;
				LastUpgradeCheck = 0820;
				ORGANIZATIONNAME = "Kameron Haramoto";
				TargetAttributes = {
					2F1586C11EB02F8E000F7BD4 = {
						CreatedOnToolsVersion = 8.2.1;
						ProvisioningStyle = Automatic;
					};
				};
			};
			buildConfigurationList = 2F1586BD1EB02F8E000F7BD4 /* Build configuration list for PBXProject "iOSFinal" */;
			compatibilityVersion = "Xcode 3.2";
			developmentRegion = English;
			hasScannedForEncodings = 0;
			knownRegions = (
				en,
				Base,
			);
			mainGroup = 2F1586B91EB02F8E000F7BD4;
			productRefGroup = 2F1586C31EB02F8E000F7BD4 /* Products */;
			projectDirPath = "";
			projectRoot = "";
			targets = (
				2F1586C11EB02F8E000F7BD4 /* iOSFinal */,
			);
		};
/* End PBXProject section */

/* Begin PBXResourcesBuildPhase section */
		2F1586C01EB02F8E000F7BD4 /* Resources */ = {
			isa = PBXResourcesBuildPhase;
			buildActionMask = 2147483647;
			files = (
				2F1586D31EB02F8E000F7BD4 /* LaunchScreen.storyboard in Resources */,
				2F399FA71EB81B2300DC5E80 /* sombra-passive.png in Resources */,
				2F90DA1D1EB1904500E06956 /* gm.png in Resources */,
				2F399FA31EB81B0900DC5E80 /* Mei_-_Yay_1.mp3 in Resources */,
				2F90DA1B1EB18E8400E06956 /* Bronz.png in Resources */,
				2F399F991EB80E5200DC5E80 /* genji-ult.png in Resources */,
				2F399F951EB5869800DC5E80 /* Ana_-_Take_your_medicine.wav in Resources */,
				2F399FA91EB81B2E00DC5E80 /* McCree_-_Hey.mp3 in Resources */,
				2F1586D01EB02F8E000F7BD4 /* Assets.xcassets in Resources */,
				2F399F9B1EB8100E00DC5E80 /* mccree-ult.png in Resources */,
				2F399FA51EB81B1B00DC5E80 /* Roadhog_-_Rollin'_Out.mp3 in Resources */,
				2F399FAB1EB81B3800DC5E80 /* Junkrat_-_Brrring!.mp3 in Resources */,
				2F1586DC1EB1842B000F7BD4 /* owatchBG.png in Resources */,
				2F1586CB1EB02F8E000F7BD4 /* Main.storyboard in Resources */,
				2F399F9F1EB81AE900DC5E80 /* D.VA_-_See_Ya.mp3 in Resources */,
				2F399F971EB80C6B00DC5E80 /* genji-dash.png in Resources */,
				2F399FA11EB81AFA00DC5E80 /* parah-boop.png in Resources */,
				2F399F931EB5611F00DC5E80 /* Sounds in Resources */,
			);
			runOnlyForDeploymentPostprocessing = 0;
		};
/* End PBXResourcesBuildPhase section */

/* Begin PBXSourcesBuildPhase section */
		2F1586BE1EB02F8E000F7BD4 /* Sources */ = {
			isa = PBXSourcesBuildPhase;
			buildActionMask = 2147483647;
			files = (
				2F1586CE1EB02F8E000F7BD4 /* iOSFinal.xcdatamodeld in Sources */,
				2F1586C81EB02F8E000F7BD4 /* ViewController.swift in Sources */,
				2F1586C61EB02F8E000F7BD4 /* AppDelegate.swift in Sources */,
				2F399F9D1EB814BF00DC5E80 /* timer.swift in Sources */,
				2F90DA251EB542DA00E06956 /* Database.swift in Sources */,
				2F90DA231EB53FB000E06956 /* TriviaViewController.swift in Sources */,
			);
			runOnlyForDeploymentPostprocessing = 0;
		};
/* End PBXSourcesBuildPhase section */

/* Begin PBXVariantGroup section */
		2F1586C91EB02F8E000F7BD4 /* Main.storyboard */ = {
			isa = PBXVariantGroup;
			children = (
				2F1586CA1EB02F8E000F7BD4 /* Base */,
			);
			name = Main.storyboard;
			sourceTree = "<group>";
		};
		2F1586D11EB02F8E000F7BD4 /* LaunchScreen.storyboard */ = {
			isa = PBXVariantGroup;
			children = (
				2F1586D21EB02F8E000F7BD4 /* Base */,
			);
			name = LaunchScreen.storyboard;
			sourceTree = "<group>";
		};
/* End PBXVariantGroup section */

/* Begin XCBuildConfiguration section */
		2F1586D51EB02F8F000F7BD4 /* Debug */ = {
			isa = XCBuildConfiguration;
			buildSettings = {
				ALWAYS_SEARCH_USER_PATHS = NO;
				CLANG_ANALYZER_NONNULL = YES;
				CLANG_CXX_LANGUAGE_STANDARD = "gnu++0x";
				CLANG_CXX_LIBRARY = "libc++";
				CLANG_ENABLE_MODULES = YES;
				CLANG_ENABLE_OBJC_ARC = YES;
				CLANG_WARN_BOOL_CONVERSION = YES;
				CLANG_WARN_CONSTANT_CONVERSION = YES;
				CLANG_WARN_DIRECT_OBJC_ISA_USAGE = YES_ERROR;
				CLANG_WARN_DOCUMENTATION_COMMENTS = YES;
				CLANG_WARN_EMPTY_BODY = YES;
				CLANG_WARN_ENUM_CONVERSION = YES;
				CLANG_WARN_INFINITE_RECURSION = YES;
				CLANG_WARN_INT_CONVERSION = YES;
				CLANG_WARN_OBJC_ROOT_CLASS = YES_ERROR;
				CLANG_WARN_SUSPICIOUS_MOVE = YES;
				CLANG_WARN_UNREACHABLE_CODE = YES;
				CLANG_WARN__DUPLICATE_METHOD_MATCH = YES;
				"CODE_SIGN_IDENTITY[sdk=iphoneos*]" = "iPhone Developer";
				COPY_PHASE_STRIP = NO;
				DEBUG_INFORMATION_FORMAT = dwarf;
				ENABLE_STRICT_OBJC_MSGSEND = YES;
				ENABLE_TESTABILITY = YES;
				GCC_C_LANGUAGE_STANDARD = gnu99;
				GCC_DYNAMIC_NO_PIC = NO;
				GCC_NO_COMMON_BLOCKS = YES;
				GCC_OPTIMIZATION_LEVEL = 0;
				GCC_PREPROCESSOR_DEFINITIONS = (
					"DEBUG=1",
					"$(inherited)",
				);
				GCC_WARN_64_TO_32_BIT_CONVERSION = YES;
				GCC_WARN_ABOUT_RETURN_TYPE = YES_ERROR;
				GCC_WARN_UNDECLARED_SELECTOR = YES;
				GCC_WARN_UNINITIALIZED_AUTOS = YES_AGGRESSIVE;
				GCC_WARN_UNUSED_FUNCTION = YES;
				GCC_WARN_UNUSED_VARIABLE = YES;
				IPHONEOS_DEPLOYMENT_TARGET = 10.2;
				MTL_ENABLE_DEBUG_INFO = YES;
				ONLY_ACTIVE_ARCH = YES;
				SDKROOT = iphoneos;
				SWIFT_ACTIVE_COMPILATION_CONDITIONS = DEBUG;
				SWIFT_OPTIMIZATION_LEVEL = "-Onone";
				TARGETED_DEVICE_FAMILY = "1,2";
			};
			name = Debug;
		};
		2F1586D61EB02F8F000F7BD4 /* Release */ = {
			isa = XCBuildConfiguration;
			buildSettings = {
				ALWAYS_SEARCH_USER_PATHS = NO;
				CLANG_ANALYZER_NONNULL = YES;
				CLANG_CXX_LANGUAGE_STANDARD = "gnu++0x";
				CLANG_CXX_LIBRARY = "libc++";
				CLANG_ENABLE_MODULES = YES;
				CLANG_ENABLE_OBJC_ARC = YES;
				CLANG_WARN_BOOL_CONVERSION = YES;
				CLANG_WARN_CONSTANT_CONVERSION = YES;
				CLANG_WARN_DIRECT_OBJC_ISA_USAGE = YES_ERROR;
				CLANG_WARN_DOCUMENTATION_COMMENTS = YES;
				CLANG_WARN_EMPTY_BODY = YES;
				CLANG_WARN_ENUM_CONVERSION = YES;
				CLANG_WARN_INFINITE_RECURSION = YES;
				CLANG_WARN_INT_CONVERSION = YES;
				CLANG_WARN_OBJC_ROOT_CLASS = YES_ERROR;
				CLANG_WARN_SUSPICIOUS_MOVE = YES;
				CLANG_WARN_UNREACHABLE_CODE = YES;
				CLANG_WARN__DUPLICATE_METHOD_MATCH = YES;
				"CODE_SIGN_IDENTITY[sdk=iphoneos*]" = "iPhone Developer";
				COPY_PHASE_STRIP = NO;
				DEBUG_INFORMATION_FORMAT = "dwarf-with-dsym";
				ENABLE_NS_ASSERTIONS = NO;
				ENABLE_STRICT_OBJC_MSGSEND = YES;
				GCC_C_LANGUAGE_STANDARD = gnu99;
				GCC_NO_COMMON_BLOCKS = YES;
				GCC_WARN_64_TO_32_BIT_CONVERSION = YES;
				GCC_WARN_ABOUT_RETURN_TYPE = YES_ERROR;
				GCC_WARN_UNDECLARED_SELECTOR = YES;
				GCC_WARN_UNINITIALIZED_AUTOS = YES_AGGRESSIVE;
				GCC_WARN_UNUSED_FUNCTION = YES;
				GCC_WARN_UNUSED_VARIABLE = YES;
				IPHONEOS_DEPLOYMENT_TARGET = 10.2;
				MTL_ENABLE_DEBUG_INFO = NO;
				SDKROOT = iphoneos;
				SWIFT_OPTIMIZATION_LEVEL = "-Owholemodule";
				TARGETED_DEVICE_FAMILY = "1,2";
				VALIDATE_PRODUCT = YES;
			};
			name = Release;
		};
		2F1586D81EB02F8F000F7BD4 /* Debug */ = {
			isa = XCBuildConfiguration;
			buildSettings = {
				ASSETCATALOG_COMPILER_APPICON_NAME = AppIcon;
				INFOPLIST_FILE = iOSFinal/Info.plist;
				LD_RUNPATH_SEARCH_PATHS = "$(inherited) @executable_path/Frameworks";
				PRODUCT_BUNDLE_IDENTIFIER = maga.iOSFinal;
				PRODUCT_NAME = "$(TARGET_NAME)";
				SWIFT_VERSION = 3.0;
			};
			name = Debug;
		};
		2F1586D91EB02F8F000F7BD4 /* Release */ = {
			isa = XCBuildConfiguration;
			buildSettings = {
				ASSETCATALOG_COMPILER_APPICON_NAME = AppIcon;
				INFOPLIST_FILE = iOSFinal/Info.plist;
				LD_RUNPATH_SEARCH_PATHS = "$(inherited) @executable_path/Frameworks";
				PRODUCT_BUNDLE_IDENTIFIER = maga.iOSFinal;
				PRODUCT_NAME = "$(TARGET_NAME)";
				SWIFT_VERSION = 3.0;
			};
			name = Release;
		};
/* End XCBuildConfiguration section */

/* Begin XCConfigurationList section */
		2F1586BD1EB02F8E000F7BD4 /* Build configuration list for PBXProject "iOSFinal" */ = {
			isa = XCConfigurationList;
			buildConfigurations = (
				2F1586D51EB02F8F000F7BD4 /* Debug */,
				2F1586D61EB02F8F000F7BD4 /* Release */,
			);
			defaultConfigurationIsVisible = 0;
			defaultConfigurationName = Release;
		};
		2F1586D71EB02F8F000F7BD4 /* Build configuration list for PBXNativeTarget "iOSFinal" */ = {
			isa = XCConfigurationList;
			buildConfigurations = (
				2F1586D81EB02F8F000F7BD4 /* Debug */,
				2F1586D91EB02F8F000F7BD4 /* Release */,
			);
			defaultConfigurationIsVisible = 0;
			defaultConfigurationName = Release;
		};
/* End XCConfigurationList section */

/* Begin XCVersionGroup section */
		2F1586CC1EB02F8E000F7BD4 /* iOSFinal.xcdatamodeld */ = {
			isa = XCVersionGroup;
			children = (
				2F1586CD1EB02F8E000F7BD4 /* iOSFinal.xcdatamodel */,
			);
			currentVersion = 2F1586CD1EB02F8E000F7BD4 /* iOSFinal.xcdatamodel */;
			path = iOSFinal.xcdatamodeld;
			sourceTree = "<group>";
			versionGroupType = wrapper.xcdatamodel;
		};
/* End XCVersionGroup section */
	};
	rootObject = 2F1586BA1EB02F8E000F7BD4 /* Project object */;
}
